{
  "requires": true,
  "lockfileVersion": 1,
  "dependencies": {
    "nan": {
      "version": "2.10.0",
      "resolved": "http://registry.npmjs.org/nan/-/nan-2.10.0.tgz",
      "integrity": "sha512-bAdJv7fBLhWC+/Bls0Oza+mvTaNQtP+1RyhhhvD95pgUJz6XM5IzgmxOkItJ9tkoCiplvAnXI1tNmmUD/eScyA=="
    },
    "raw-socket": {
      "version": "1.6.4",
      "resolved": "https://registry.npmjs.org/raw-socket/-/raw-socket-1.6.4.tgz",
      "integrity": "sha512-ab/By3tp0gTDzwEJxgKUv+uIma0JFVnJElNMKNAqNiET+GQ2VAfR6eUVfnm0yRG/vxGu8gO2BYWhR30sQOTebg==",
      "requires": {
        "nan": "2.10.*"
      }
    }
  }
}
